
Microsoft Visual Studio Solution File, Format Version 12.00
# Visual Studio Version 17
VisualStudioVersion = 17.11.35327.3
MinimumVisualStudioVersion = 10.0.40219.1
Project("{9A19103F-16F7-4668-BE54-9A1E7A4F7556}") = "TextilesGeomar.API", "TextilesGeomar.API\TextilesGeomar.API.csproj", "{42DF155D-1630-45CF-9FBE-5121D32394D2}"
EndProject
Project("{2150E333-8FDC-42A3-9474-1A3956D46DE8}") = "Solution Items", "Solution Items", "{B903D253-F165-4229-A280-4BFC32C7B021}"
	ProjectSection(SolutionItems) = preProject
		docker-compose.yml = docker-compose.yml
		Dockerfile = Dockerfile
	EndProjectSection
EndProject
Project("{FAE04EC0-301F-11D3-BF4B-00C04F79EFBC}") = "TextilesGeomar.Tests", "TextilesGeomar.Tests\TextilesGeomar.Tests.csproj", "{C4875BF5-B23A-44A3-A8D9-C62D2AB42FF0}"
EndProject
Global
	GlobalSection(SolutionConfigurationPlatforms) = preSolution
		Debug|Any CPU = Debug|Any CPU
		Release|Any CPU = Release|Any CPU
	EndGlobalSection
	GlobalSection(ProjectConfigurationPlatforms) = postSolution
		{42DF155D-1630-45CF-9FBE-5121D32394D2}.Debug|Any CPU.ActiveCfg = Debug|Any CPU
		{42DF155D-1630-45CF-9FBE-5121D32394D2}.Debug|Any CPU.Build.0 = Debug|Any CPU
		{42DF155D-1630-45CF-9FBE-5121D32394D2}.Release|Any CPU.ActiveCfg = Release|Any CPU
		{42DF155D-1630-45CF-9FBE-5121D32394D2}.Release|Any CPU.Build.0 = Release|Any CPU
		{C4875BF5-B23A-44A3-A8D9-C62D2AB42FF0}.Debug|Any CPU.ActiveCfg = Debug|Any CPU
		{C4875BF5-B23A-44A3-A8D9-C62D2AB42FF0}.Debug|Any CPU.Build.0 = Debug|Any CPU
		{C4875BF5-B23A-44A3-A8D9-C62D2AB42FF0}.Release|Any CPU.ActiveCfg = Release|Any CPU
		{C4875BF5-B23A-44A3-A8D9-C62D2AB42FF0}.Release|Any CPU.Build.0 = Release|Any CPU
	EndGlobalSection
	GlobalSection(SolutionProperties) = preSolution
		HideSolutionNode = FALSE
	EndGlobalSection
	GlobalSection(ExtensibilityGlobals) = postSolution
		SolutionGuid = {971FD7F2-0763-4CCC-BE9C-560580934E52}
	EndGlobalSection
EndGlobal
